// !$*UTF8*$!
{
	archiveVersion = 1;
	classes = {
	};
	objectVersion = 55;
	objects = {

/* Begin PBXBuildFile section */
		EA6832E62BDFF46B00063AD6 /* practicaApp.swift in Sources */ = {isa = PBXBuildFile; fileRef = EA6832E52BDFF46B00063AD6 /* practicaApp.swift */; };
		EA6832E82BDFF46B00063AD6 /* ContentView.swift in Sources */ = {isa = PBXBuildFile; fileRef = EA6832E72BDFF46B00063AD6 /* ContentView.swift */; };
		EA6832EA2BDFF47000063AD6 /* Assets.xcassets in Resources */ = {isa = PBXBuildFile; fileRef = EA6832E92BDFF47000063AD6 /* Assets.xcassets */; };
		EA6832ED2BDFF47000063AD6 /* Preview Assets.xcassets in Resources */ = {isa = PBXBuildFile; fileRef = EA6832EC2BDFF47000063AD6 /* Preview Assets.xcassets */; };
		EA6832F72BDFF47100063AD6 /* practicaTests.swift in Sources */ = {isa = PBXBuildFile; fileRef = EA6832F62BDFF47100063AD6 /* practicaTests.swift */; };
		EA6833012BDFF47100063AD6 /* practicaUITests.swift in Sources */ = {isa = PBXBuildFile; fileRef = EA6833002BDFF47100063AD6 /* practicaUITests.swift */; };
		EA6833032BDFF47100063AD6 /* practicaUITestsLaunchTests.swift in Sources */ = {isa = PBXBuildFile; fileRef = EA6833022BDFF47100063AD6 /* practicaUITestsLaunchTests.swift */; };
		EA6833142BDFFAD600063AD6 /* MostrarEnListView.swift in Sources */ = {isa = PBXBuildFile; fileRef = EA6833132BDFFAD600063AD6 /* MostrarEnListView.swift */; };
		EA6833162BDFFB0100063AD6 /* AnimalDetalleView.swift in Sources */ = {isa = PBXBuildFile; fileRef = EA6833152BDFFB0100063AD6 /* AnimalDetalleView.swift */; };
		EA6833182BDFFE2D00063AD6 /* Modal.swift in Sources */ = {isa = PBXBuildFile; fileRef = EA6833172BDFFE2D00063AD6 /* Modal.swift */; };
/* End PBXBuildFile section */

/* Begin PBXContainerItemProxy section */
		EA6832F32BDFF47100063AD6 /* PBXContainerItemProxy */ = {
			isa = PBXContainerItemProxy;
			containerPortal = EA6832DA2BDFF46B00063AD6 /* Project object */;
			proxyType = 1;
			remoteGlobalIDString = EA6832E12BDFF46B00063AD6;
			remoteInfo = practica;
		};
		EA6832FD2BDFF47100063AD6 /* PBXContainerItemProxy */ = {
			isa = PBXContainerItemProxy;
			containerPortal = EA6832DA2BDFF46B00063AD6 /* Project object */;
			proxyType = 1;
			remoteGlobalIDString = EA6832E12BDFF46B00063AD6;
			remoteInfo = practica;
		};
/* End PBXContainerItemProxy section */

/* Begin PBXFileReference section */
		EA6832E22BDFF46B00063AD6 /* practica.app */ = {isa = PBXFileReference; explicitFileType = wrapper.application; includeInIndex = 0; path = practica.app; sourceTree = BUILT_PRODUCTS_DIR; };
		EA6832E52BDFF46B00063AD6 /* practicaApp.swift */ = {isa = PBXFileReference; lastKnownFileType = sourcecode.swift; path = practicaApp.swift; sourceTree = "<group>"; };
		EA6832E72BDFF46B00063AD6 /* ContentView.swift */ = {isa = PBXFileReference; lastKnownFileType = sourcecode.swift; path = ContentView.swift; sourceTree = "<group>"; };
		EA6832E92BDFF47000063AD6 /* Assets.xcassets */ = {isa = PBXFileReference; lastKnownFileType = folder.assetcatalog; path = Assets.xcassets; sourceTree = "<group>"; };
		EA6832EC2BDFF47000063AD6 /* Preview Assets.xcassets */ = {isa = PBXFileReference; lastKnownFileType = folder.assetcatalog; path = "Preview Assets.xcassets"; sourceTree = "<group>"; };
		EA6832F22BDFF47100063AD6 /* practicaTests.xctest */ = {isa = PBXFileReference; explicitFileType = wrapper.cfbundle; includeInIndex = 0; path = practicaTests.xctest; sourceTree = BUILT_PRODUCTS_DIR; };
		EA6832F62BDFF47100063AD6 /* practicaTests.swift */ = {isa = PBXFileReference; lastKnownFileType = sourcecode.swift; path = practicaTests.swift; sourceTree = "<group>"; };
		EA6832FC2BDFF47100063AD6 /* practicaUITests.xctest */ = {isa = PBXFileReference; explicitFileType = wrapper.cfbundle; includeInIndex = 0; path = practicaUITests.xctest; sourceTree = BUILT_PRODUCTS_DIR; };
		EA6833002BDFF47100063AD6 /* practicaUITests.swift */ = {isa = PBXFileReference; lastKnownFileType = sourcecode.swift; path = practicaUITests.swift; sourceTree = "<group>"; };
		EA6833022BDFF47100063AD6 /* practicaUITestsLaunchTests.swift */ = {isa = PBXFileReference; lastKnownFileType = sourcecode.swift; path = practicaUITestsLaunchTests.swift; sourceTree = "<group>"; };
		EA6833132BDFFAD600063AD6 /* MostrarEnListView.swift */ = {isa = PBXFileReference; lastKnownFileType = sourcecode.swift; path = MostrarEnListView.swift; sourceTree = "<group>"; };
		EA6833152BDFFB0100063AD6 /* AnimalDetalleView.swift */ = {isa = PBXFileReference; lastKnownFileType = sourcecode.swift; path = AnimalDetalleView.swift; sourceTree = "<group>"; };
		EA6833172BDFFE2D00063AD6 /* Modal.swift */ = {isa = PBXFileReference; lastKnownFileType = sourcecode.swift; path = Modal.swift; sourceTree = "<group>"; };
/* End PBXFileReference section */

/* Begin PBXFrameworksBuildPhase section */
		EA6832DF2BDFF46B00063AD6 /* Frameworks */ = {
			isa = PBXFrameworksBuildPhase;
			buildActionMask = 2147483647;
			files = (
			);
			runOnlyForDeploymentPostprocessing = 0;
		};
		EA6832EF2BDFF47100063AD6 /* Frameworks */ = {
			isa = PBXFrameworksBuildPhase;
			buildActionMask = 2147483647;
			files = (
			);
			runOnlyForDeploymentPostprocessing = 0;
		};
		EA6832F92BDFF47100063AD6 /* Frameworks */ = {
			isa = PBXFrameworksBuildPhase;
			buildActionMask = 2147483647;
			files = (
			);
			runOnlyForDeploymentPostprocessing = 0;
		};
/* End PBXFrameworksBuildPhase section */

/* Begin PBXGroup section */
		EA6832D92BDFF46B00063AD6 = {
			isa = PBXGroup;
			children = (
				EA6832E42BDFF46B00063AD6 /* practica */,
				EA6832F52BDFF47100063AD6 /* practicaTests */,
				EA6832FF2BDFF47100063AD6 /* practicaUITests */,
				EA6832E32BDFF46B00063AD6 /* Products */,
			);
			sourceTree = "<group>";
		};
		EA6832E32BDFF46B00063AD6 /* Products */ = {
			isa = PBXGroup;
			children = (
				EA6832E22BDFF46B00063AD6 /* practica.app */,
				EA6832F22BDFF47100063AD6 /* practicaTests.xctest */,
				EA6832FC2BDFF47100063AD6 /* practicaUITests.xctest */,
			);
			name = Products;
			sourceTree = "<group>";
		};
		EA6832E42BDFF46B00063AD6 /* practica */ = {
			isa = PBXGroup;
			children = (
				EA6832E52BDFF46B00063AD6 /* practicaApp.swift */,
				EA6832E72BDFF46B00063AD6 /* ContentView.swift */,
				EA6832E92BDFF47000063AD6 /* Assets.xcassets */,
				EA6832EB2BDFF47000063AD6 /* Preview Content */,
				EA6833132BDFFAD600063AD6 /* MostrarEnListView.swift */,
				EA6833152BDFFB0100063AD6 /* AnimalDetalleView.swift */,
				EA6833172BDFFE2D00063AD6 /* Modal.swift */,
			);
			path = practica;
			sourceTree = "<group>";
		};
		EA6832EB2BDFF47000063AD6 /* Preview Content */ = {
			isa = PBXGroup;
			children = (
				EA6832EC2BDFF47000063AD6 /* Preview Assets.xcassets */,
			);
			path = "Preview Content";
			sourceTree = "<group>";
		};
		EA6832F52BDFF47100063AD6 /* practicaTests */ = {
			isa = PBXGroup;
			children = (
				EA6832F62BDFF47100063AD6 /* practicaTests.swift */,
			);
			path = practicaTests;
			sourceTree = "<group>";
		};
		EA6832FF2BDFF47100063AD6 /* practicaUITests */ = {
			isa = PBXGroup;
			children = (
				EA6833002BDFF47100063AD6 /* practicaUITests.swift */,
				EA6833022BDFF47100063AD6 /* practicaUITestsLaunchTests.swift */,
			);
			path = practicaUITests;
			sourceTree = "<group>";
		};
/* End PBXGroup section */

/* Begin PBXNativeTarget section */
		EA6832E12BDFF46B00063AD6 /* practica */ = {
			isa = PBXNativeTarget;
			buildConfigurationList = EA6833062BDFF47100063AD6 /* Build configuration list for PBXNativeTarget "practica" */;
			buildPhases = (
				EA6832DE2BDFF46B00063AD6 /* Sources */,
				EA6832DF2BDFF46B00063AD6 /* Frameworks */,
				EA6832E02BDFF46B00063AD6 /* Resources */,
			);
			buildRules = (
			);
			dependencies = (
			);
			name = practica;
			productName = practica;
			productReference = EA6832E22BDFF46B00063AD6 /* practica.app */;
			productType = "com.apple.product-type.application";
		};
		EA6832F12BDFF47100063AD6 /* practicaTests */ = {
			isa = PBXNativeTarget;
			buildConfigurationList = EA6833092BDFF47100063AD6 /* Build configuration list for PBXNativeTarget "practicaTests" */;
			buildPhases = (
				EA6832EE2BDFF47100063AD6 /* Sources */,
				EA6832EF2BDFF47100063AD6 /* Frameworks */,
				EA6832F02BDFF47100063AD6 /* Resources */,
			);
			buildRules = (
			);
			dependencies = (
				EA6832F42BDFF47100063AD6 /* PBXTargetDependency */,
			);
			name = practicaTests;
			productName = practicaTests;
			productReference = EA6832F22BDFF47100063AD6 /* practicaTests.xctest */;
			productType = "com.apple.product-type.bundle.unit-test";
		};
		EA6832FB2BDFF47100063AD6 /* practicaUITests */ = {
			isa = PBXNativeTarget;
			buildConfigurationList = EA68330C2BDFF47200063AD6 /* Build configuration list for PBXNativeTarget "practicaUITests" */;
			buildPhases = (
				EA6832F82BDFF47100063AD6 /* Sources */,
				EA6832F92BDFF47100063AD6 /* Frameworks */,
				EA6832FA2BDFF47100063AD6 /* Resources */,
			);
			buildRules = (
			);
			dependencies = (
				EA6832FE2BDFF47100063AD6 /* PBXTargetDependency */,
			);
			name = practicaUITests;
			productName = practicaUITests;
			productReference = EA6832FC2BDFF47100063AD6 /* practicaUITests.xctest */;
			productType = "com.apple.product-type.bundle.ui-testing";
		};
/* End PBXNativeTarget section */

/* Begin PBXProject section */
		EA6832DA2BDFF46B00063AD6 /* Project object */ = {
			isa = PBXProject;
			attributes = {
				BuildIndependentTargetsInParallel = 1;
				LastSwiftUpdateCheck = 1340;
				LastUpgradeCheck = 1340;
				TargetAttributes = {
					EA6832E12BDFF46B00063AD6 = {
						CreatedOnToolsVersion = 13.4;
					};
					EA6832F12BDFF47100063AD6 = {
						CreatedOnToolsVersion = 13.4;
						TestTargetID = EA6832E12BDFF46B00063AD6;
					};
					EA6832FB2BDFF47100063AD6 = {
						CreatedOnToolsVersion = 13.4;
						TestTargetID = EA6832E12BDFF46B00063AD6;
					};
				};
			};
			buildConfigurationList = EA6832DD2BDFF46B00063AD6 /* Build configuration list for PBXProject "practica" */;
			compatibilityVersion = "Xcode 13.0";
			developmentRegion = en;
			hasScannedForEncodings = 0;
			knownRegions = (
				en,
				Base,
			);
			mainGroup = EA6832D92BDFF46B00063AD6;
			productRefGroup = EA6832E32BDFF46B00063AD6 /* Products */;
			projectDirPath = "";
			projectRoot = "";
			targets = (
				EA6832E12BDFF46B00063AD6 /* practica */,
				EA6832F12BDFF47100063AD6 /* practicaTests */,
				EA6832FB2BDFF47100063AD6 /* practicaUITests */,
			);
		};
/* End PBXProject section */

/* Begin PBXResourcesBuildPhase section */
		EA6832E02BDFF46B00063AD6 /* Resources */ = {
			isa = PBXResourcesBuildPhase;
			buildActionMask = 2147483647;
			files = (
				EA6832ED2BDFF47000063AD6 /* Preview Assets.xcassets in Resources */,
				EA6832EA2BDFF47000063AD6 /* Assets.xcassets in Resources */,
			);
			runOnlyForDeploymentPostprocessing = 0;
		};
		EA6832F02BDFF47100063AD6 /* Resources */ = {
			isa = PBXResourcesBuildPhase;
			buildActionMask = 2147483647;
			files = (
			);
			runOnlyForDeploymentPostprocessing = 0;
		};
		EA6832FA2BDFF47100063AD6 /* Resources */ = {
			isa = PBXResourcesBuildPhase;
			buildActionMask = 2147483647;
			files = (
			);
			runOnlyForDeploymentPostprocessing = 0;
		};
/* End PBXResourcesBuildPhase section */

/* Begin PBXSourcesBuildPhase section */
		EA6832DE2BDFF46B00063AD6 /* Sources */ = {
			isa = PBXSourcesBuildPhase;
			buildActionMask = 2147483647;
			files = (
				EA6833142BDFFAD600063AD6 /* MostrarEnListView.swift in Sources */,
				EA6833182BDFFE2D00063AD6 /* Modal.swift in Sources */,
				EA6832E82BDFF46B00063AD6 /* ContentView.swift in Sources */,
				EA6832E62BDFF46B00063AD6 /* practicaApp.swift in Sources */,
				EA6833162BDFFB0100063AD6 /* AnimalDetalleView.swift in Sources */,
			);
			runOnlyForDeploymentPostprocessing = 0;
		};
		EA6832EE2BDFF47100063AD6 /* Sources */ = {
			isa = PBXSourcesBuildPhase;
			buildActionMask = 2147483647;
			files = (
				EA6832F72BDFF47100063AD6 /* practicaTests.swift in Sources */,
			);
			runOnlyForDeploymentPostprocessing = 0;
		};
		EA6832F82BDFF47100063AD6 /* Sources */ = {
			isa = PBXSourcesBuildPhase;
			buildActionMask = 2147483647;
			files = (
				EA6833032BDFF47100063AD6 /* practicaUITestsLaunchTests.swift in Sources */,
				EA6833012BDFF47100063AD6 /* practicaUITests.swift in Sources */,
			);
			runOnlyForDeploymentPostprocessing = 0;
		};
/* End PBXSourcesBuildPhase section */

/* Begin PBXTargetDependency section */
		EA6832F42BDFF47100063AD6 /* PBXTargetDependency */ = {
			isa = PBXTargetDependency;
			target = EA6832E12BDFF46B00063AD6 /* practica */;
			targetProxy = EA6832F32BDFF47100063AD6 /* PBXContainerItemProxy */;
		};
		EA6832FE2BDFF47100063AD6 /* PBXTargetDependency */ = {
			isa = PBXTargetDependency;
			target = EA6832E12BDFF46B00063AD6 /* practica */;
			targetProxy = EA6832FD2BDFF47100063AD6 /* PBXContainerItemProxy */;
		};
/* End PBXTargetDependency section */

/* Begin XCBuildConfiguration section */
		EA6833042BDFF47100063AD6 /* Debug */ = {
			isa = XCBuildConfiguration;
			buildSettings = {
				ALWAYS_SEARCH_USER_PATHS = NO;
				CLANG_ANALYZER_NONNULL = YES;
				CLANG_ANALYZER_NUMBER_OBJECT_CONVERSION = YES_AGGRESSIVE;
				CLANG_CXX_LANGUAGE_STANDARD = "gnu++17";
				CLANG_ENABLE_MODULES = YES;
				CLANG_ENABLE_OBJC_ARC = YES;
				CLANG_ENABLE_OBJC_WEAK = YES;
				CLANG_WARN_BLOCK_CAPTURE_AUTORELEASING = YES;
				CLANG_WARN_BOOL_CONVERSION = YES;
				CLANG_WARN_COMMA = YES;
				CLANG_WARN_CONSTANT_CONVERSION = YES;
				CLANG_WARN_DEPRECATED_OBJC_IMPLEMENTATIONS = YES;
				CLANG_WARN_DIRECT_OBJC_ISA_USAGE = YES_ERROR;
				CLANG_WARN_DOCUMENTATION_COMMENTS = YES;
				CLANG_WARN_EMPTY_BODY = YES;
				CLANG_WARN_ENUM_CONVERSION = YES;
				CLANG_WARN_INFINITE_RECURSION = YES;
				CLANG_WARN_INT_CONVERSION = YES;
				CLANG_WARN_NON_LITERAL_NULL_CONVERSION = YES;
				CLANG_WARN_OBJC_IMPLICIT_RETAIN_SELF = YES;
				CLANG_WARN_OBJC_LITERAL_CONVERSION = YES;
				CLANG_WARN_OBJC_ROOT_CLASS = YES_ERROR;
				CLANG_WARN_QUOTED_INCLUDE_IN_FRAMEWORK_HEADER = YES;
				CLANG_WARN_RANGE_LOOP_ANALYSIS = YES;
				CLANG_WARN_STRICT_PROTOTYPES = YES;
				CLANG_WARN_SUSPICIOUS_MOVE = YES;
				CLANG_WARN_UNGUARDED_AVAILABILITY = YES_AGGRESSIVE;
				CLANG_WARN_UNREACHABLE_CODE = YES;
				CLANG_WARN__DUPLICATE_METHOD_MATCH = YES;
				COPY_PHASE_STRIP = NO;
				DEBUG_INFORMATION_FORMAT = dwarf;
				ENABLE_STRICT_OBJC_MSGSEND = YES;
				ENABLE_TESTABILITY = YES;
				GCC_C_LANGUAGE_STANDARD = gnu11;
				GCC_DYNAMIC_NO_PIC = NO;
				GCC_NO_COMMON_BLOCKS = YES;
				GCC_OPTIMIZATION_LEVEL = 0;
				GCC_PREPROCESSOR_DEFINITIONS = (
					"DEBUG=1",
					"$(inherited)",
				);
				GCC_WARN_64_TO_32_BIT_CONVERSION = YES;
				GCC_WARN_ABOUT_RETURN_TYPE = YES_ERROR;
				GCC_WARN_UNDECLARED_SELECTOR = YES;
				GCC_WARN_UNINITIALIZED_AUTOS = YES_AGGRESSIVE;
				GCC_WARN_UNUSED_FUNCTION = YES;
				GCC_WARN_UNUSED_VARIABLE = YES;
				IPHONEOS_DEPLOYMENT_TARGET = 15.5;
				MTL_ENABLE_DEBUG_INFO = INCLUDE_SOURCE;
				MTL_FAST_MATH = YES;
				ONLY_ACTIVE_ARCH = YES;
				SDKROOT = iphoneos;
				SWIFT_ACTIVE_COMPILATION_CONDITIONS = DEBUG;
				SWIFT_OPTIMIZATION_LEVEL = "-Onone";
			};
			name = Debug;
		};
		EA6833052BDFF47100063AD6 /* Release */ = {
			isa = XCBuildConfiguration;
			buildSettings = {
				ALWAYS_SEARCH_USER_PATHS = NO;
				CLANG_ANALYZER_NONNULL = YES;
				CLANG_ANALYZER_NUMBER_OBJECT_CONVERSION = YES_AGGRESSIVE;
				CLANG_CXX_LANGUAGE_STANDARD = "gnu++17";
				CLANG_ENABLE_MODULES = YES;
				CLANG_ENABLE_OBJC_ARC = YES;
				CLANG_ENABLE_OBJC_WEAK = YES;
				CLANG_WARN_BLOCK_CAPTURE_AUTORELEASING = YES;
				CLANG_WARN_BOOL_CONVERSION = YES;
				CLANG_WARN_COMMA = YES;
				CLANG_WARN_CONSTANT_CONVERSION = YES;
				CLANG_WARN_DEPRECATED_OBJC_IMPLEMENTATIONS = YES;
				CLANG_WARN_DIRECT_OBJC_ISA_USAGE = YES_ERROR;
				CLANG_WARN_DOCUMENTATION_COMMENTS = YES;
				CLANG_WARN_EMPTY_BODY = YES;
				CLANG_WARN_ENUM_CONVERSION = YES;
				CLANG_WARN_INFINITE_RECURSION = YES;
				CLANG_WARN_INT_CONVERSION = YES;
				CLANG_WARN_NON_LITERAL_NULL_CONVERSION = YES;
				CLANG_WARN_OBJC_IMPLICIT_RETAIN_SELF = YES;
				CLANG_WARN_OBJC_LITERAL_CONVERSION = YES;
				CLANG_WARN_OBJC_ROOT_CLASS = YES_ERROR;
				CLANG_WARN_QUOTED_INCLUDE_IN_FRAMEWORK_HEADER = YES;
				CLANG_WARN_RANGE_LOOP_ANALYSIS = YES;
				CLANG_WARN_STRICT_PROTOTYPES = YES;
				CLANG_WARN_SUSPICIOUS_MOVE = YES;
				CLANG_WARN_UNGUARDED_AVAILABILITY = YES_AGGRESSIVE;
				CLANG_WARN_UNREACHABLE_CODE = YES;
				CLANG_WARN__DUPLICATE_METHOD_MATCH = YES;
				COPY_PHASE_STRIP = NO;
				DEBUG_INFORMATION_FORMAT = "dwarf-with-dsym";
				ENABLE_NS_ASSERTIONS = NO;
				ENABLE_STRICT_OBJC_MSGSEND = YES;
				GCC_C_LANGUAGE_STANDARD = gnu11;
				GCC_NO_COMMON_BLOCKS = YES;
				GCC_WARN_64_TO_32_BIT_CONVERSION = YES;
				GCC_WARN_ABOUT_RETURN_TYPE = YES_ERROR;
				GCC_WARN_UNDECLARED_SELECTOR = YES;
				GCC_WARN_UNINITIALIZED_AUTOS = YES_AGGRESSIVE;
				GCC_WARN_UNUSED_FUNCTION = YES;
				GCC_WARN_UNUSED_VARIABLE = YES;
				IPHONEOS_DEPLOYMENT_TARGET = 15.5;
				MTL_ENABLE_DEBUG_INFO = NO;
				MTL_FAST_MATH = YES;
				SDKROOT = iphoneos;
				SWIFT_COMPILATION_MODE = wholemodule;
				SWIFT_OPTIMIZATION_LEVEL = "-O";
				VALIDATE_PRODUCT = YES;
			};
			name = Release;
		};
		EA6833072BDFF47100063AD6 /* Debug */ = {
			isa = XCBuildConfiguration;
			buildSettings = {
				ASSETCATALOG_COMPILER_APPICON_NAME = AppIcon;
				ASSETCATALOG_COMPILER_GLOBAL_ACCENT_COLOR_NAME = AccentColor;
				CODE_SIGN_STYLE = Automatic;
				CURRENT_PROJECT_VERSION = 1;
				DEVELOPMENT_ASSET_PATHS = "\"practica/Preview Content\"";
				DEVELOPMENT_TEAM = Z92KT3UM55;
				ENABLE_PREVIEWS = YES;
				GENERATE_INFOPLIST_FILE = YES;
				INFOPLIST_KEY_UIApplicationSceneManifest_Generation = YES;
				INFOPLIST_KEY_UIApplicationSupportsIndirectInputEvents = YES;
				INFOPLIST_KEY_UILaunchScreen_Generation = YES;
				INFOPLIST_KEY_UISupportedInterfaceOrientations_iPad = "UIInterfaceOrientationPortrait UIInterfaceOrientationPortraitUpsideDown UIInterfaceOrientationLandscapeLeft UIInterfaceOrientationLandscapeRight";
				INFOPLIST_KEY_UISupportedInterfaceOrientations_iPhone = "UIInterfaceOrientationPortrait UIInterfaceOrientationLandscapeLeft UIInterfaceOrientationLandscapeRight";
				LD_RUNPATH_SEARCH_PATHS = (
					"$(inherited)",
					"@executable_path/Frameworks",
				);
				MARKETING_VERSION = 1.0;
				PRODUCT_BUNDLE_IDENTIFIER = primero.practica;
				PRODUCT_NAME = "$(TARGET_NAME)";
				SWIFT_EMIT_LOC_STRINGS = YES;
				SWIFT_VERSION = 5.0;
				TARGETED_DEVICE_FAMILY = "1,2";
			};
			name = Debug;
		};
		EA6833082BDFF47100063AD6 /* Release */ = {
			isa = XCBuildConfiguration;
			buildSettings = {
				ASSETCATALOG_COMPILER_APPICON_NAME = AppIcon;
				ASSETCATALOG_COMPILER_GLOBAL_ACCENT_COLOR_NAME = AccentColor;
				CODE_SIGN_STYLE = Automatic;
				CURRENT_PROJECT_VERSION = 1;
				DEVELOPMENT_ASSET_PATHS = "\"practica/Preview Content\"";
				DEVELOPMENT_TEAM = Z92KT3UM55;
				ENABLE_PREVIEWS = YES;
				GENERATE_INFOPLIST_FILE = YES;
				INFOPLIST_KEY_UIApplicationSceneManifest_Generation = YES;
				INFOPLIST_KEY_UIApplicationSupportsIndirectInputEvents = YES;
				INFOPLIST_KEY_UILaunchScreen_Generation = YES;
				INFOPLIST_KEY_UISupportedInterfaceOrientations_iPad = "UIInterfaceOrientationPortrait UIInterfaceOrientationPortraitUpsideDown UIInterfaceOrientationLandscapeLeft UIInterfaceOrientationLandscapeRight";
				INFOPLIST_KEY_UISupportedInterfaceOrientations_iPhone = "UIInterfaceOrientationPortrait UIInterfaceOrientationLandscapeLeft UIInterfaceOrientationLandscapeRight";
				LD_RUNPATH_SEARCH_PATHS = (
					"$(inherited)",
					"@executable_path/Frameworks",
				);
				MARKETING_VERSION = 1.0;
				PRODUCT_BUNDLE_IDENTIFIER = primero.practica;
				PRODUCT_NAME = "$(TARGET_NAME)";
				SWIFT_EMIT_LOC_STRINGS = YES;
				SWIFT_VERSION = 5.0;
				TARGETED_DEVICE_FAMILY = "1,2";
			};
			name = Release;
		};
		EA68330A2BDFF47200063AD6 /* Debug */ = {
			isa = XCBuildConfiguration;
			buildSettings = {
				ALWAYS_EMBED_SWIFT_STANDARD_LIBRARIES = YES;
				BUNDLE_LOADER = "$(TEST_HOST)";
				CODE_SIGN_STYLE = Automatic;
				CURRENT_PROJECT_VERSION = 1;
				DEVELOPMENT_TEAM = Z92KT3UM55;
				GENERATE_INFOPLIST_FILE = YES;
				IPHONEOS_DEPLOYMENT_TARGET = 15.5;
				MARKETING_VERSION = 1.0;
				PRODUCT_BUNDLE_IDENTIFIER = primero.practicaTests;
				PRODUCT_NAME = "$(TARGET_NAME)";
				SWIFT_EMIT_LOC_STRINGS = NO;
				SWIFT_VERSION = 5.0;
				TARGETED_DEVICE_FAMILY = "1,2";
				TEST_HOST = "$(BUILT_PRODUCTS_DIR)/practica.app/practica";
			};
			name = Debug;
		};
		EA68330B2BDFF47200063AD6 /* Release */ = {
			isa = XCBuildConfiguration;
			buildSettings = {
				ALWAYS_EMBED_SWIFT_STANDARD_LIBRARIES = YES;
				BUNDLE_LOADER = "$(TEST_HOST)";
				CODE_SIGN_STYLE = Automatic;
				CURRENT_PROJECT_VERSION = 1;
				DEVELOPMENT_TEAM = Z92KT3UM55;
				GENERATE_INFOPLIST_FILE = YES;
				IPHONEOS_DEPLOYMENT_TARGET = 15.5;
				MARKETING_VERSION = 1.0;
				PRODUCT_BUNDLE_IDENTIFIER = primero.practicaTests;
				PRODUCT_NAME = "$(TARGET_NAME)";
				SWIFT_EMIT_LOC_STRINGS = NO;
				SWIFT_VERSION = 5.0;
				TARGETED_DEVICE_FAMILY = "1,2";
				TEST_HOST = "$(BUILT_PRODUCTS_DIR)/practica.app/practica";
			};
			name = Release;
		};
		EA68330D2BDFF47200063AD6 /* Debug */ = {
			isa = XCBuildConfiguration;
			buildSettings = {
				ALWAYS_EMBED_SWIFT_STANDARD_LIBRARIES = YES;
				CODE_SIGN_STYLE = Automatic;
				CURRENT_PROJECT_VERSION = 1;
				DEVELOPMENT_TEAM = Z92KT3UM55;
				GENERATE_INFOPLIST_FILE = YES;
				MARKETING_VERSION = 1.0;
				PRODUCT_BUNDLE_IDENTIFIER = primero.practicaUITests;
				PRODUCT_NAME = "$(TARGET_NAME)";
				SWIFT_EMIT_LOC_STRINGS = NO;
				SWIFT_VERSION = 5.0;
				TARGETED_DEVICE_FAMILY = "1,2";
				TEST_TARGET_NAME = practica;
			};
			name = Debug;
		};
		EA68330E2BDFF47200063AD6 /* Release */ = {
			isa = XCBuildConfiguration;
			buildSettings = {
				ALWAYS_EMBED_SWIFT_STANDARD_LIBRARIES = YES;
				CODE_SIGN_STYLE = Automatic;
				CURRENT_PROJECT_VERSION = 1;
				DEVELOPMENT_TEAM = Z92KT3UM55;
				GENERATE_INFOPLIST_FILE = YES;
				MARKETING_VERSION = 1.0;
				PRODUCT_BUNDLE_IDENTIFIER = primero.practicaUITests;
				PRODUCT_NAME = "$(TARGET_NAME)";
				SWIFT_EMIT_LOC_STRINGS = NO;
				SWIFT_VERSION = 5.0;
				TARGETED_DEVICE_FAMILY = "1,2";
				TEST_TARGET_NAME = practica;
			};
			name = Release;
		};
/* End XCBuildConfiguration section */

/* Begin XCConfigurationList section */
		EA6832DD2BDFF46B00063AD6 /* Build configuration list for PBXProject "practica" */ = {
			isa = XCConfigurationList;
			buildConfigurations = (
				EA6833042BDFF47100063AD6 /* Debug */,
				EA6833052BDFF47100063AD6 /* Release */,
			);
			defaultConfigurationIsVisible = 0;
			defaultConfigurationName = Release;
		};
		EA6833062BDFF47100063AD6 /* Build configuration list for PBXNativeTarget "practica" */ = {
			isa = XCConfigurationList;
			buildConfigurations = (
				EA6833072BDFF47100063AD6 /* Debug */,
				EA6833082BDFF47100063AD6 /* Release */,
			);
			defaultConfigurationIsVisible = 0;
			defaultConfigurationName = Release;
		};
		EA6833092BDFF47100063AD6 /* Build configuration list for PBXNativeTarget "practicaTests" */ = {
			isa = XCConfigurationList;
			buildConfigurations = (
				EA68330A2BDFF47200063AD6 /* Debug */,
				EA68330B2BDFF47200063AD6 /* Release */,
			);
			defaultConfigurationIsVisible = 0;
			defaultConfigurationName = Release;
		};
		EA68330C2BDFF47200063AD6 /* Build configuration list for PBXNativeTarget "practicaUITests" */ = {
			isa = XCConfigurationList;
			buildConfigurations = (
				EA68330D2BDFF47200063AD6 /* Debug */,
				EA68330E2BDFF47200063AD6 /* Release */,
			);
			defaultConfigurationIsVisible = 0;
			defaultConfigurationName = Release;
		};
/* End XCConfigurationList section */
	};
	rootObject = EA6832DA2BDFF46B00063AD6 /* Project object */;
}
